Microsoft Visual Studio Solution File, Format Version 12.00
# Visual Studio Version 17
VisualStudioVersion = 17.5.2.0
MinimumVisualStudioVersion = 10.0.40219.1
Project("{FAE04EC0-301F-11D3-BF4B-00C04F79EFBC}") = "BitTorrent", "BitTorrent.csproj", "{04DC3949-416F-2C50-2B71-56B5514D5C90}"
EndProject
Global
	GlobalSection(SolutionConfigurationPlatforms) = preSolution
		Debug|Any CPU = Debug|Any CPU
		Release|Any CPU = Release|Any CPU
	EndGlobalSection
	GlobalSection(ProjectConfigurationPlatforms) = postSolution
		{04DC3949-416F-2C50-2B71-56B5514D5C90}.Debug|Any CPU.ActiveCfg = Debug|Any CPU
		{04DC3949-416F-2C50-2B71-56B5514D5C90}.Debug|Any CPU.Build.0 = Debug|Any CPU
		{04DC3949-416F-2C50-2B71-56B5514D5C90}.Release|Any CPU.ActiveCfg = Release|Any CPU
		{04DC3949-416F-2C50-2B71-56B5514D5C90}.Release|Any CPU.Build.0 = Release|Any CPU
	EndGlobalSection
	GlobalSection(SolutionProperties) = preSolution
		HideSolutionNode = FALSE
	EndGlobalSection
	GlobalSection(ExtensibilityGlobals) = postSolution
		SolutionGuid = {8BEA02B3-D102-47C3-ADA9-4434C422A993}
	EndGlobalSection
EndGlobal
